
Microsoft Visual Studio Solution File, Format Version 12.00
# Visual Studio Version 16
VisualStudioVersion = 16.0.32413.511
MinimumVisualStudioVersion = 10.0.40219.1
Project("{FAE04EC0-301F-11D3-BF4B-00C04F79EFBC}") = "Task 4", "Task 4\Task 4.csproj", "{3AF59760-D518-462A-ACF0-F2D3FB4D840C}"
EndProject
Global
	GlobalSection(SolutionConfigurationPlatforms) = preSolution
		Debug|Any CPU = Debug|Any CPU
		Release|Any CPU = Release|Any CPU
	EndGlobalSection
	GlobalSection(ProjectConfigurationPlatforms) = postSolution
		{3AF59760-D518-462A-ACF0-F2D3FB4D840C}.Debug|Any CPU.ActiveCfg = Debug|Any CPU
		{3AF59760-D518-462A-ACF0-F2D3FB4D840C}.Debug|Any CPU.Build.0 = Debug|Any CPU
		{3AF59760-D518-462A-ACF0-F2D3FB4D840C}.Release|Any CPU.ActiveCfg = Release|Any CPU
		{3AF59760-D518-462A-ACF0-F2D3FB4D840C}.Release|Any CPU.Build.0 = Release|Any CPU
	EndGlobalSection
	GlobalSection(SolutionProperties) = preSolution
		HideSolutionNode = FALSE
	EndGlobalSection
	GlobalSection(ExtensibilityGlobals) = postSolution
		SolutionGuid = {15E93C16-A104-4EE6-A874-E5D342105740}
	EndGlobalSection
EndGlobal
